
Microsoft Visual Studio Solution File, Format Version 12.00
# Visual Studio Version 16
VisualStudioVersion = 16.0.31729.503
MinimumVisualStudioVersion = 10.0.40219.1
Project("{FAE04EC0-301F-11D3-BF4B-00C04F79EFBC}") = "RentalKendaraan", "RentalKendaraan.csproj", "{5781F1B8-A463-4247-BDBE-03E771F7D194}"
EndProject
Global
	GlobalSection(SolutionConfigurationPlatforms) = preSolution
		Debug|Any CPU = Debug|Any CPU
		Release|Any CPU = Release|Any CPU
	EndGlobalSection
	GlobalSection(ProjectConfigurationPlatforms) = postSolution
		{5781F1B8-A463-4247-BDBE-03E771F7D194}.Debug|Any CPU.ActiveCfg = Debug|Any CPU
		{5781F1B8-A463-4247-BDBE-03E771F7D194}.Debug|Any CPU.Build.0 = Debug|Any CPU
		{5781F1B8-A463-4247-BDBE-03E771F7D194}.Release|Any CPU.ActiveCfg = Release|Any CPU
		{5781F1B8-A463-4247-BDBE-03E771F7D194}.Release|Any CPU.Build.0 = Release|Any CPU
	EndGlobalSection
	GlobalSection(SolutionProperties) = preSolution
		HideSolutionNode = FALSE
	EndGlobalSection
	GlobalSection(ExtensibilityGlobals) = postSolution
		SolutionGuid = {2EB10E96-36B9-45B7-BE2D-1884D590A95C}
	EndGlobalSection
EndGlobal
